
Microsoft Visual Studio Solution File, Format Version 12.00
# Visual Studio 15
VisualStudioVersion = 15.0.28307.705
MinimumVisualStudioVersion = 10.0.40219.1
Project("{9A19103F-16F7-4668-BE54-9A1E7A4F7556}") = "ReportPDFCreator", "ReportPDFCreator\ReportPDFCreator.csproj", "{C49E986C-044F-44FB-8815-7EB19549E0D1}"
EndProject
Project("{9A19103F-16F7-4668-BE54-9A1E7A4F7556}") = "ReportPDFCreator.Tests", "ReportPDFCreator.Tests\ReportPDFCreator.Tests.csproj", "{C053ACF1-6C56-4FD6-982A-0209D415270A}"
EndProject
Global
	GlobalSection(SolutionConfigurationPlatforms) = preSolution
		Debug|Any CPU = Debug|Any CPU
		Release|Any CPU = Release|Any CPU
	EndGlobalSection
	GlobalSection(ProjectConfigurationPlatforms) = postSolution
		{C49E986C-044F-44FB-8815-7EB19549E0D1}.Debug|Any CPU.ActiveCfg = Debug|Any CPU
		{C49E986C-044F-44FB-8815-7EB19549E0D1}.Debug|Any CPU.Build.0 = Debug|Any CPU
		{C49E986C-044F-44FB-8815-7EB19549E0D1}.Release|Any CPU.ActiveCfg = Release|Any CPU
		{C49E986C-044F-44FB-8815-7EB19549E0D1}.Release|Any CPU.Build.0 = Release|Any CPU
		{C053ACF1-6C56-4FD6-982A-0209D415270A}.Debug|Any CPU.ActiveCfg = Debug|Any CPU
		{C053ACF1-6C56-4FD6-982A-0209D415270A}.Debug|Any CPU.Build.0 = Debug|Any CPU
		{C053ACF1-6C56-4FD6-982A-0209D415270A}.Release|Any CPU.ActiveCfg = Release|Any CPU
		{C053ACF1-6C56-4FD6-982A-0209D415270A}.Release|Any CPU.Build.0 = Release|Any CPU
	EndGlobalSection
	GlobalSection(SolutionProperties) = preSolution
		HideSolutionNode = FALSE
	EndGlobalSection
	GlobalSection(ExtensibilityGlobals) = postSolution
		SolutionGuid = {FAD01939-9827-4270-98BF-82884CD36477}
	EndGlobalSection
EndGlobal
